# This file is automatically @generated by Poetry 1.8.0 and should not be changed by hand.

[[package]]
name = "fastapi"
version = "0.110.0"
description = "FastAPI framework, high performance, easy to learn, fast to code, ready for production"
category = "main"
optional = false
python-versions = ">=3.8"
files = []

[package.dependencies]
anyio = ">=3.4.0"
pydantic = ">=2.5.2,<3.0.0"
starlette = ">=0.36.3,<0.37.0"

[[package]]
name = "uvicorn"
version = "0.27.1"
description = "The lightning-fast ASGI server."
category = "main"
optional = false
python-versions = ">=3.8"
files = []

[package.dependencies]
click = ">=7.0"
h11 = ">=0.8"

[[package]]
name = "pydantic"
version = "2.6.4"
description = "Data validation and settings management using Python type hints"
category = "main"
optional = false
python-versions = ">=3.8"
files = []

[package.dependencies]
pydantic-core = "2.16.3"

[[package]]
name = "pydantic-settings"
version = "2.2.1"
description = "Settings management using Pydantic v2"
category = "main"
optional = false
python-versions = ">=3.8"
files = []

[package.dependencies]
pydantic = ">=2.3.0"

[[package]]
name = "sqlalchemy"
version = "2.0.29"
description = "Database Abstraction Library"
category = "main"
optional = false
python-versions = ">=3.7"
files = []

[[package]]
name = "redis"
version = "5.0.1"
description = "Python client for Redis database"
category = "main"
optional = false
python-versions = ">=3.7"
files = []

[[package]]
name = "celery"
version = "5.3.6"
description = "Distributed Task Queue"
category = "main"
optional = false
python-versions = ">=3.8"
files = []

[[package]]
name = "opentelemetry-api"
version = "1.24.0"
description = "OpenTelemetry Python API"
category = "main"
optional = false
python-versions = ">=3.8"
files = []

[[package]]
name = "opentelemetry-sdk"
version = "1.24.0"
description = "OpenTelemetry Python SDK"
category = "main"
optional = false
python-versions = ">=3.8"
files = []

[[package]]
name = "pathspec"
version = "0.12.1"
description = "Utility library for gitignore style pattern matching of file paths."
category = "main"
optional = false
python-versions = ">=3.8"
files = []

[[package]]
name = "pytest"
version = "8.2.0"
description = "pytest: simple powerful testing with Python"
category = "dev"
optional = false
python-versions = ">=3.8"
files = []

[[package]]
name = "pytest-asyncio"
version = "0.23.6"
description = "Pytest support for asyncio"
category = "dev"
optional = false
python-versions = ">=3.8"
files = []

[[package]]
name = "hypothesis"
version = "6.102.1"
description = "A library for property-based testing"
category = "dev"
optional = false
python-versions = ">=3.8"
files = []

[[package]]
name = "black"
version = "24.3.0"
description = "The uncompromising code formatter."
category = "dev"
optional = false
python-versions = ">=3.8"
files = []

[[package]]
name = "isort"
version = "5.13.2"
description = "A Python utility / library to sort Python imports."
category = "dev"
optional = false
python-versions = ">=3.8"
files = []

[[package]]
name = "flake8"
version = "7.0.0"
description = "the modular source code checker: pep8 pyflakes and co"
category = "dev"
optional = false
python-versions = ">=3.8"
files = []

[[package]]
name = "mypy"
version = "1.10.0"
description = "Optional static typing for Python"
category = "dev"
optional = false
python-versions = ">=3.8"
files = []

[[package]]
name = "sphinx"
version = "7.3.7"
description = "Python documentation generator"
category = "dev"
optional = false
python-versions = ">=3.8"
files = []

[metadata]
lock-version = "2.0"
python-versions = "^3.11"
content-hash = "d41d8cd98f00b204e9800998ecf8427e"

[metadata.files]
fastapi = []
uvicorn = []
pydantic = []
pydantic-settings = []
sqlalchemy = []
redis = []
celery = []
opentelemetry-api = []
opentelemetry-sdk = []
pathspec = []
pytest = []
pytest-asyncio = []
hypothesis = []
black = []
isort = []
flake8 = []
mypy = []
sphinx = []
